
Microsoft Visual Studio Solution File, Format Version 12.00
# Visual Studio Version 16
VisualStudioVersion = 16.0.31112.23
MinimumVisualStudioVersion = 10.0.40219.1
Project("{9A19103F-16F7-4668-BE54-9A1E7A4F7556}") = "EbayBusiness", "EbayBusiness\EbayBusiness.csproj", "{1B7D7212-4D2C-4BF1-8DCD-1143B71F3CD6}"
EndProject
Project("{9A19103F-16F7-4668-BE54-9A1E7A4F7556}") = "EbayBusinessUI", "EbayBusinessUI\EbayBusinessUI.csproj", "{047D5656-F640-47E0-87B0-190C6BAEBF24}"
EndProject
Global
	GlobalSection(SolutionConfigurationPlatforms) = preSolution
		Debug|Any CPU = Debug|Any CPU
		Release|Any CPU = Release|Any CPU
	EndGlobalSection
	GlobalSection(ProjectConfigurationPlatforms) = postSolution
		{1B7D7212-4D2C-4BF1-8DCD-1143B71F3CD6}.Debug|Any CPU.ActiveCfg = Debug|Any CPU
		{1B7D7212-4D2C-4BF1-8DCD-1143B71F3CD6}.Debug|Any CPU.Build.0 = Debug|Any CPU
		{1B7D7212-4D2C-4BF1-8DCD-1143B71F3CD6}.Release|Any CPU.ActiveCfg = Release|Any CPU
		{1B7D7212-4D2C-4BF1-8DCD-1143B71F3CD6}.Release|Any CPU.Build.0 = Release|Any CPU
		{047D5656-F640-47E0-87B0-190C6BAEBF24}.Debug|Any CPU.ActiveCfg = Debug|Any CPU
		{047D5656-F640-47E0-87B0-190C6BAEBF24}.Debug|Any CPU.Build.0 = Debug|Any CPU
		{047D5656-F640-47E0-87B0-190C6BAEBF24}.Release|Any CPU.ActiveCfg = Release|Any CPU
		{047D5656-F640-47E0-87B0-190C6BAEBF24}.Release|Any CPU.Build.0 = Release|Any CPU
	EndGlobalSection
	GlobalSection(SolutionProperties) = preSolution
		HideSolutionNode = FALSE
	EndGlobalSection
	GlobalSection(ExtensibilityGlobals) = postSolution
		SolutionGuid = {F800A89D-3973-4338-9DBC-5CFE8AA291B2}
	EndGlobalSection
EndGlobal
